
Microsoft Visual Studio Solution File, Format Version 12.00
# Visual Studio Version 17
VisualStudioVersion = 17.1.32328.378
MinimumVisualStudioVersion = 10.0.40219.1
Project("{8BC9CEB8-8B4A-11D0-8D11-00A0C91BC942}") = "LinkedList", "LinkedList\LinkedList.vcxproj", "{4135C188-3796-40CB-9E66-A6830F38A4EE}"
EndProject
Project("{8BC9CEB8-8B4A-11D0-8D11-00A0C91BC942}") = "HashTable", "HashTable\HashTable.vcxproj", "{4CC0B2F5-71BC-4BAF-97C3-18B7C5214DF7}"
EndProject
Project("{8BC9CEB8-8B4A-11D0-8D11-00A0C91BC942}") = "RedBlackTree", "RedBlackTree\RedBlackTree.vcxproj", "{DAD4B72D-B5F5-4CE9-82AD-0AEFF0DE6E4C}"
EndProject
Project("{8BC9CEB8-8B4A-11D0-8D11-00A0C91BC942}") = "AdjacencyListGraph", "AdjacencyListGraph\AdjacencyListGraph.vcxproj", "{449E8545-942D-432A-A47D-242EE4105814}"
EndProject
Project("{8BC9CEB8-8B4A-11D0-8D11-00A0C91BC942}") = "AdjacencyMatrixGraph", "AdjacencyMatrixGraph\AdjacencyMatrixGraph.vcxproj", "{B5FFC7C3-26E4-4738-9F70-00404EEBC209}"
EndProject
Project("{8BC9CEB8-8B4A-11D0-8D11-00A0C91BC942}") = "EdgeListGraph", "EdgeListGraph\EdgeListGraph.vcxproj", "{D8DBD621-7553-457C-8200-2EDDACD01C4C}"
EndProject
Project("{8BC9CEB8-8B4A-11D0-8D11-00A0C91BC942}") = "Tree", "Tree\Tree.vcxproj", "{10730C63-2CF5-4E7D-8921-9A7F61BA0610}"
EndProject
Project("{8BC9CEB8-8B4A-11D0-8D11-00A0C91BC942}") = "TrieTree", "TrieTree\TrieTree.vcxproj", "{B2D3B387-FB19-4B94-982F-7CD499C593B9}"
EndProject
Project("{8BC9CEB8-8B4A-11D0-8D11-00A0C91BC942}") = "NaryTree", "NaryTree\NaryTree.vcxproj", "{24B1E7AB-6DB9-49C8-BC42-E5B432606762}"
EndProject
Project("{8BC9CEB8-8B4A-11D0-8D11-00A0C91BC942}") = "AVLTree", "AVLTree\AVLTree.vcxproj", "{B9837765-3651-4BBB-84C1-DBA705247178}"
EndProject
Project("{8BC9CEB8-8B4A-11D0-8D11-00A0C91BC942}") = "SplayTree", "SplayTree\SplayTree.vcxproj", "{6E1B4067-D6F5-4D8E-B82C-91C5709EDFB1}"
EndProject
Global
	GlobalSection(SolutionConfigurationPlatforms) = preSolution
		Debug|x64 = Debug|x64
		Debug|x86 = Debug|x86
		Release|x64 = Release|x64
		Release|x86 = Release|x86
	EndGlobalSection
	GlobalSection(ProjectConfigurationPlatforms) = postSolution
		{4135C188-3796-40CB-9E66-A6830F38A4EE}.Debug|x64.ActiveCfg = Debug|x64
		{4135C188-3796-40CB-9E66-A6830F38A4EE}.Debug|x64.Build.0 = Debug|x64
		{4135C188-3796-40CB-9E66-A6830F38A4EE}.Debug|x86.ActiveCfg = Debug|Win32
		{4135C188-3796-40CB-9E66-A6830F38A4EE}.Debug|x86.Build.0 = Debug|Win32
		{4135C188-3796-40CB-9E66-A6830F38A4EE}.Release|x64.ActiveCfg = Release|x64
		{4135C188-3796-40CB-9E66-A6830F38A4EE}.Release|x64.Build.0 = Release|x64
		{4135C188-3796-40CB-9E66-A6830F38A4EE}.Release|x86.ActiveCfg = Release|Win32
		{4135C188-3796-40CB-9E66-A6830F38A4EE}.Release|x86.Build.0 = Release|Win32
		{4CC0B2F5-71BC-4BAF-97C3-18B7C5214DF7}.Debug|x64.ActiveCfg = Debug|x64
		{4CC0B2F5-71BC-4BAF-97C3-18B7C5214DF7}.Debug|x64.Build.0 = Debug|x64
		{4CC0B2F5-71BC-4BAF-97C3-18B7C5214DF7}.Debug|x86.ActiveCfg = Debug|Win32
		{4CC0B2F5-71BC-4BAF-97C3-18B7C5214DF7}.Debug|x86.Build.0 = Debug|Win32
		{4CC0B2F5-71BC-4BAF-97C3-18B7C5214DF7}.Release|x64.ActiveCfg = Release|x64
		{4CC0B2F5-71BC-4BAF-97C3-18B7C5214DF7}.Release|x64.Build.0 = Release|x64
		{4CC0B2F5-71BC-4BAF-97C3-18B7C5214DF7}.Release|x86.ActiveCfg = Release|Win32
		{4CC0B2F5-71BC-4BAF-97C3-18B7C5214DF7}.Release|x86.Build.0 = Release|Win32
		{DAD4B72D-B5F5-4CE9-82AD-0AEFF0DE6E4C}.Debug|x64.ActiveCfg = Debug|x64
		{DAD4B72D-B5F5-4CE9-82AD-0AEFF0DE6E4C}.Debug|x64.Build.0 = Debug|x64
		{DAD4B72D-B5F5-4CE9-82AD-0AEFF0DE6E4C}.Debug|x86.ActiveCfg = Debug|Win32
		{DAD4B72D-B5F5-4CE9-82AD-0AEFF0DE6E4C}.Debug|x86.Build.0 = Debug|Win32
		{DAD4B72D-B5F5-4CE9-82AD-0AEFF0DE6E4C}.Release|x64.ActiveCfg = Release|x64
		{DAD4B72D-B5F5-4CE9-82AD-0AEFF0DE6E4C}.Release|x64.Build.0 = Release|x64
		{DAD4B72D-B5F5-4CE9-82AD-0AEFF0DE6E4C}.Release|x86.ActiveCfg = Release|Win32
		{DAD4B72D-B5F5-4CE9-82AD-0AEFF0DE6E4C}.Release|x86.Build.0 = Release|Win32
		{449E8545-942D-432A-A47D-242EE4105814}.Debug|x64.ActiveCfg = Debug|x64
		{449E8545-942D-432A-A47D-242EE4105814}.Debug|x64.Build.0 = Debug|x64
		{449E8545-942D-432A-A47D-242EE4105814}.Debug|x86.ActiveCfg = Debug|Win32
		{449E8545-942D-432A-A47D-242EE4105814}.Debug|x86.Build.0 = Debug|Win32
		{449E8545-942D-432A-A47D-242EE4105814}.Release|x64.ActiveCfg = Release|x64
		{449E8545-942D-432A-A47D-242EE4105814}.Release|x64.Build.0 = Release|x64
		{449E8545-942D-432A-A47D-242EE4105814}.Release|x86.ActiveCfg = Release|Win32
		{449E8545-942D-432A-A47D-242EE4105814}.Release|x86.Build.0 = Release|Win32
		{B5FFC7C3-26E4-4738-9F70-00404EEBC209}.Debug|x64.ActiveCfg = Debug|x64
		{B5FFC7C3-26E4-4738-9F70-00404EEBC209}.Debug|x64.Build.0 = Debug|x64
		{B5FFC7C3-26E4-4738-9F70-00404EEBC209}.Debug|x86.ActiveCfg = Debug|Win32
		{B5FFC7C3-26E4-4738-9F70-00404EEBC209}.Debug|x86.Build.0 = Debug|Win32
		{B5FFC7C3-26E4-4738-9F70-00404EEBC209}.Release|x64.ActiveCfg = Release|x64
		{B5FFC7C3-26E4-4738-9F70-00404EEBC209}.Release|x64.Build.0 = Release|x64
		{B5FFC7C3-26E4-4738-9F70-00404EEBC209}.Release|x86.ActiveCfg = Release|Win32
		{B5FFC7C3-26E4-4738-9F70-00404EEBC209}.Release|x86.Build.0 = Release|Win32
		{D8DBD621-7553-457C-8200-2EDDACD01C4C}.Debug|x64.ActiveCfg = Debug|x64
		{D8DBD621-7553-457C-8200-2EDDACD01C4C}.Debug|x64.Build.0 = Debug|x64
		{D8DBD621-7553-457C-8200-2EDDACD01C4C}.Debug|x86.ActiveCfg = Debug|Win32
		{D8DBD621-7553-457C-8200-2EDDACD01C4C}.Debug|x86.Build.0 = Debug|Win32
		{D8DBD621-7553-457C-8200-2EDDACD01C4C}.Release|x64.ActiveCfg = Release|x64
		{D8DBD621-7553-457C-8200-2EDDACD01C4C}.Release|x64.Build.0 = Release|x64
		{D8DBD621-7553-457C-8200-2EDDACD01C4C}.Release|x86.ActiveCfg = Release|Win32
		{D8DBD621-7553-457C-8200-2EDDACD01C4C}.Release|x86.Build.0 = Release|Win32
		{10730C63-2CF5-4E7D-8921-9A7F61BA0610}.Debug|x64.ActiveCfg = Debug|x64
		{10730C63-2CF5-4E7D-8921-9A7F61BA0610}.Debug|x64.Build.0 = Debug|x64
		{10730C63-2CF5-4E7D-8921-9A7F61BA0610}.Debug|x86.ActiveCfg = Debug|Win32
		{10730C63-2CF5-4E7D-8921-9A7F61BA0610}.Debug|x86.Build.0 = Debug|Win32
		{10730C63-2CF5-4E7D-8921-9A7F61BA0610}.Release|x64.ActiveCfg = Release|x64
		{10730C63-2CF5-4E7D-8921-9A7F61BA0610}.Release|x64.Build.0 = Release|x64
		{10730C63-2CF5-4E7D-8921-9A7F61BA0610}.Release|x86.ActiveCfg = Release|Win32
		{10730C63-2CF5-4E7D-8921-9A7F61BA0610}.Release|x86.Build.0 = Release|Win32
		{B2D3B387-FB19-4B94-982F-7CD499C593B9}.Debug|x64.ActiveCfg = Debug|x64
		{B2D3B387-FB19-4B94-982F-7CD499C593B9}.Debug|x64.Build.0 = Debug|x64
		{B2D3B387-FB19-4B94-982F-7CD499C593B9}.Debug|x86.ActiveCfg = Debug|Win32
		{B2D3B387-FB19-4B94-982F-7CD499C593B9}.Debug|x86.Build.0 = Debug|Win32
		{B2D3B387-FB19-4B94-982F-7CD499C593B9}.Release|x64.ActiveCfg = Release|x64
		{B2D3B387-FB19-4B94-982F-7CD499C593B9}.Release|x64.Build.0 = Release|x64
		{B2D3B387-FB19-4B94-982F-7CD499C593B9}.Release|x86.ActiveCfg = Release|Win32
		{B2D3B387-FB19-4B94-982F-7CD499C593B9}.Release|x86.Build.0 = Release|Win32
		{24B1E7AB-6DB9-49C8-BC42-E5B432606762}.Debug|x64.ActiveCfg = Debug|x64
		{24B1E7AB-6DB9-49C8-BC42-E5B432606762}.Debug|x64.Build.0 = Debug|x64
		{24B1E7AB-6DB9-49C8-BC42-E5B432606762}.Debug|x86.ActiveCfg = Debug|Win32
		{24B1E7AB-6DB9-49C8-BC42-E5B432606762}.Debug|x86.Build.0 = Debug|Win32
		{24B1E7AB-6DB9-49C8-BC42-E5B432606762}.Release|x64.ActiveCfg = Release|x64
		{24B1E7AB-6DB9-49C8-BC42-E5B432606762}.Release|x64.Build.0 = Release|x64
		{24B1E7AB-6DB9-49C8-BC42-E5B432606762}.Release|x86.ActiveCfg = Release|Win32
		{24B1E7AB-6DB9-49C8-BC42-E5B432606762}.Release|x86.Build.0 = Release|Win32
		{B9837765-3651-4BBB-84C1-DBA705247178}.Debug|x64.ActiveCfg = Debug|x64
		{B9837765-3651-4BBB-84C1-DBA705247178}.Debug|x64.Build.0 = Debug|x64
		{B9837765-3651-4BBB-84C1-DBA705247178}.Debug|x86.ActiveCfg = Debug|Win32
		{B9837765-3651-4BBB-84C1-DBA705247178}.Debug|x86.Build.0 = Debug|Win32
		{B9837765-3651-4BBB-84C1-DBA705247178}.Release|x64.ActiveCfg = Release|x64
		{B9837765-3651-4BBB-84C1-DBA705247178}.Release|x64.Build.0 = Release|x64
		{B9837765-3651-4BBB-84C1-DBA705247178}.Release|x86.ActiveCfg = Release|Win32
		{B9837765-3651-4BBB-84C1-DBA705247178}.Release|x86.Build.0 = Release|Win32
		{6E1B4067-D6F5-4D8E-B82C-91C5709EDFB1}.Debug|x64.ActiveCfg = Debug|x64
		{6E1B4067-D6F5-4D8E-B82C-91C5709EDFB1}.Debug|x64.Build.0 = Debug|x64
		{6E1B4067-D6F5-4D8E-B82C-91C5709EDFB1}.Debug|x86.ActiveCfg = Debug|Win32
		{6E1B4067-D6F5-4D8E-B82C-91C5709EDFB1}.Debug|x86.Build.0 = Debug|Win32
		{6E1B4067-D6F5-4D8E-B82C-91C5709EDFB1}.Release|x64.ActiveCfg = Release|x64
		{6E1B4067-D6F5-4D8E-B82C-91C5709EDFB1}.Release|x64.Build.0 = Release|x64
		{6E1B4067-D6F5-4D8E-B82C-91C5709EDFB1}.Release|x86.ActiveCfg = Release|Win32
		{6E1B4067-D6F5-4D8E-B82C-91C5709EDFB1}.Release|x86.Build.0 = Release|Win32
	EndGlobalSection
	GlobalSection(SolutionProperties) = preSolution
		HideSolutionNode = FALSE
	EndGlobalSection
	GlobalSection(ExtensibilityGlobals) = postSolution
		SolutionGuid = {091717FF-C086-4DD5-A15C-236A2B64E4E3}
	EndGlobalSection
EndGlobal
